
Microsoft Visual Studio Solution File, Format Version 12.00
# Visual Studio Version 16
VisualStudioVersion = 16.0.31025.194
MinimumVisualStudioVersion = 10.0.40219.1
Project("{FAE04EC0-301F-11D3-BF4B-00C04F79EFBC}") = "DEGAssessment", "DEGAssessment\DEGAssessment.csproj", "{75598675-0CFD-4225-BDF2-CD02F0D5DC2A}"
EndProject
Project("{FAE04EC0-301F-11D3-BF4B-00C04F79EFBC}") = "DEGAssessment.Tests", "DEGAssessment.Tests\DEGAssessment.Tests.csproj", "{1DB9EDFD-F94C-41F5-8CB4-1A1B7688205B}"
EndProject
Global
	GlobalSection(SolutionConfigurationPlatforms) = preSolution
		Debug|Any CPU = Debug|Any CPU
		Release|Any CPU = Release|Any CPU
	EndGlobalSection
	GlobalSection(ProjectConfigurationPlatforms) = postSolution
		{75598675-0CFD-4225-BDF2-CD02F0D5DC2A}.Debug|Any CPU.ActiveCfg = Debug|Any CPU
		{75598675-0CFD-4225-BDF2-CD02F0D5DC2A}.Debug|Any CPU.Build.0 = Debug|Any CPU
		{75598675-0CFD-4225-BDF2-CD02F0D5DC2A}.Release|Any CPU.ActiveCfg = Release|Any CPU
		{75598675-0CFD-4225-BDF2-CD02F0D5DC2A}.Release|Any CPU.Build.0 = Release|Any CPU
		{1DB9EDFD-F94C-41F5-8CB4-1A1B7688205B}.Debug|Any CPU.ActiveCfg = Debug|Any CPU
		{1DB9EDFD-F94C-41F5-8CB4-1A1B7688205B}.Debug|Any CPU.Build.0 = Debug|Any CPU
		{1DB9EDFD-F94C-41F5-8CB4-1A1B7688205B}.Release|Any CPU.ActiveCfg = Release|Any CPU
		{1DB9EDFD-F94C-41F5-8CB4-1A1B7688205B}.Release|Any CPU.Build.0 = Release|Any CPU
	EndGlobalSection
	GlobalSection(SolutionProperties) = preSolution
		HideSolutionNode = FALSE
	EndGlobalSection
	GlobalSection(ExtensibilityGlobals) = postSolution
		SolutionGuid = {C6E40020-B279-4FCC-A18E-AE9895193504}
	EndGlobalSection
EndGlobal
